// !$*UTF8*$!
{
	archiveVersion = 1;
	classes = {
	};
	objectVersion = 46;
	objects = {

/* Begin PBXBuildFile section */
		769050721D44085000247718 /* AppDelegate.swift in Sources */ = {isa = PBXBuildFile; fileRef = 769050711D44085000247718 /* AppDelegate.swift */; };
		769050741D44085000247718 /* ViewController.swift in Sources */ = {isa = PBXBuildFile; fileRef = 769050731D44085000247718 /* ViewController.swift */; };
		769050771D44085000247718 /* Main.storyboard in Resources */ = {isa = PBXBuildFile; fileRef = 769050751D44085000247718 /* Main.storyboard */; };
		769050791D44085000247718 /* Assets.xcassets in Resources */ = {isa = PBXBuildFile; fileRef = 769050781D44085000247718 /* Assets.xcassets */; };
		7690507C1D44085000247718 /* LaunchScreen.storyboard in Resources */ = {isa = PBXBuildFile; fileRef = 7690507A1D44085000247718 /* LaunchScreen.storyboard */; };
/* End PBXBuildFile section */

/* Begin PBXFileReference section */
		7690506E1D44085000247718 /* dual-fighter.app */ = {isa = PBXFileReference; explicitFileType = wrapper.application; includeInIndex = 0; path = "dual-fighter.app"; sourceTree = BUILT_PRODUCTS_DIR; };
		769050711D44085000247718 /* AppDelegate.swift */ = {isa = PBXFileReference; lastKnownFileType = sourcecode.swift; path = AppDelegate.swift; sourceTree = "<group>"; };
		769050731D44085000247718 /* ViewController.swift */ = {isa = PBXFileReference; lastKnownFileType = sourcecode.swift; path = ViewController.swift; sourceTree = "<group>"; };
		769050761D44085000247718 /* Base */ = {isa = PBXFileReference; lastKnownFileType = file.storyboard; name = Base; path = Base.lproj/Main.storyboard; sourceTree = "<group>"; };
		769050781D44085000247718 /* Assets.xcassets */ = {isa = PBXFileReference; lastKnownFileType = folder.assetcatalog; path = Assets.xcassets; sourceTree = "<group>"; };
		7690507B1D44085000247718 /* Base */ = {isa = PBXFileReference; lastKnownFileType = file.storyboard; name = Base; path = Base.lproj/LaunchScreen.storyboard; sourceTree = "<group>"; };
		7690507D1D44085000247718 /* Info.plist */ = {isa = PBXFileReference; lastKnownFileType = text.plist.xml; path = Info.plist; sourceTree = "<group>"; };
/* End PBXFileReference section */

/* Begin PBXFrameworksBuildPhase section */
		7690506B1D44085000247718 /* Frameworks */ = {
			isa = PBXFrameworksBuildPhase;
			buildActionMask = 2147483647;
			files = (
			);
			runOnlyForDeploymentPostprocessing = 0;
		};
/* End PBXFrameworksBuildPhase section */

/* Begin PBXGroup section */
		769050651D44085000247718 = {
			isa = PBXGroup;
			children = (
				769050701D44085000247718 /* dual-fighter */,
				7690506F1D44085000247718 /* Products */,
			);
			sourceTree = "<group>";
		};
		7690506F1D44085000247718 /* Products */ = {
			isa = PBXGroup;
			children = (
				7690506E1D44085000247718 /* dual-fighter.app */,
			);
			name = Products;
			sourceTree = "<group>";
		};
		769050701D44085000247718 /* dual-fighter */ = {
			isa = PBXGroup;
			children = (
				769050711D44085000247718 /* AppDelegate.swift */,
				769050731D44085000247718 /* ViewController.swift */,
				769050751D44085000247718 /* Main.storyboard */,
				769050781D44085000247718 /* Assets.xcassets */,
				7690507A1D44085000247718 /* LaunchScreen.storyboard */,
				7690507D1D44085000247718 /* Info.plist */,
			);
			path = "dual-fighter";
			sourceTree = "<group>";
		};
/* End PBXGroup section */

/* Begin PBXNativeTarget section */
		7690506D1D44085000247718 /* dual-fighter */ = {
			isa = PBXNativeTarget;
			buildConfigurationList = 769050801D44085000247718 /* Build configuration list for PBXNativeTarget "dual-fighter" */;
			buildPhases = (
				7690506A1D44085000247718 /* Sources */,
				7690506B1D44085000247718 /* Frameworks */,
				7690506C1D44085000247718 /* Resources */,
			);
			buildRules = (
			);
			dependencies = (
			);
			name = "dual-fighter";
			productName = "dual-fighter";
			productReference = 7690506E1D44085000247718 /* dual-fighter.app */;
			productType = "com.apple.product-type.application";
		};
/* End PBXNativeTarget section */

/* Begin PBXProject section */
		769050661D44085000247718 /* Project object */ = {
			isa = PBXProject;
			attributes = {
				LastSwiftUpdateCheck = 0730;
				LastUpgradeCheck = 0730;
				ORGANIZATIONNAME = SlasherApp;
				TargetAttributes = {
					7690506D1D44085000247718 = {
						CreatedOnToolsVersion = 7.3;
						DevelopmentTeam = 9U9KAV5ZK8;
					};
				};
			};
			buildConfigurationList = 769050691D44085000247718 /* Build configuration list for PBXProject "dual-fighter" */;
			compatibilityVersion = "Xcode 3.2";
			developmentRegion = English;
			hasScannedForEncodings = 0;
			knownRegions = (
				en,
				Base,
			);
			mainGroup = 769050651D44085000247718;
			productRefGroup = 7690506F1D44085000247718 /* Products */;
			projectDirPath = "";
			projectRoot = "";
			targets = (
				7690506D1D44085000247718 /* dual-fighter */,
			);
		};
/* End PBXProject section */

/* Begin PBXResourcesBuildPhase section */
		7690506C1D44085000247718 /* Resources */ = {
			isa = PBXResourcesBuildPhase;
			buildActionMask = 2147483647;
			files = (
				7690507C1D44085000247718 /* LaunchScreen.storyboard in Resources */,
				769050791D44085000247718 /* Assets.xcassets in Resources */,
				769050771D44085000247718 /* Main.storyboard in Resources */,
			);
			runOnlyForDeploymentPostprocessing = 0;
		};
/* End PBXResourcesBuildPhase section */

/* Begin PBXSourcesBuildPhase section */
		7690506A1D44085000247718 /* Sources */ = {
			isa = PBXSourcesBuildPhase;
			buildActionMask = 2147483647;
			files = (
				769050741D44085000247718 /* ViewController.swift in Sources */,
				769050721D44085000247718 /* AppDelegate.swift in Sources */,
			);
			runOnlyForDeploymentPostprocessing = 0;
		};
/* End PBXSourcesBuildPhase section */

/* Begin PBXVariantGroup section */
		769050751D44085000247718 /* Main.storyboard */ = {
			isa = PBXVariantGroup;
			children = (
				769050761D44085000247718 /* Base */,
			);
			name = Main.storyboard;
			sourceTree = "<group>";
		};
		7690507A1D44085000247718 /* LaunchScreen.storyboard */ = {
			isa = PBXVariantGroup;
			children = (
				7690507B1D44085000247718 /* Base */,
			);
			name = LaunchScreen.storyboard;
			sourceTree = "<group>";
		};
/* End PBXVariantGroup section */

/* Begin XCBuildConfiguration section */
		7690507E1D44085000247718 /* Debug */ = {
			isa = XCBuildConfiguration;
			buildSettings = {
				ALWAYS_SEARCH_USER_PATHS = NO;
				CLANG_ANALYZER_NONNULL = YES;
				CLANG_CXX_LANGUAGE_STANDARD = "gnu++0x";
				CLANG_CXX_LIBRARY = "libc++";
				CLANG_ENABLE_MODULES = YES;
				CLANG_ENABLE_OBJC_ARC = YES;
				CLANG_WARN_BOOL_CONVERSION = YES;
				CLANG_WARN_CONSTANT_CONVERSION = YES;
				CLANG_WARN_DIRECT_OBJC_ISA_USAGE = YES_ERROR;
				CLANG_WARN_EMPTY_BODY = YES;
				CLANG_WARN_ENUM_CONVERSION = YES;
				CLANG_WARN_INT_CONVERSION = YES;
				CLANG_WARN_OBJC_ROOT_CLASS = YES_ERROR;
				CLANG_WARN_UNREACHABLE_CODE = YES;
				CLANG_WARN__DUPLICATE_METHOD_MATCH = YES;
				"CODE_SIGN_IDENTITY[sdk=iphoneos*]" = "iPhone Developer";
				COPY_PHASE_STRIP = NO;
				DEBUG_INFORMATION_FORMAT = dwarf;
				ENABLE_STRICT_OBJC_MSGSEND = YES;
				ENABLE_TESTABILITY = YES;
				GCC_C_LANGUAGE_STANDARD = gnu99;
				GCC_DYNAMIC_NO_PIC = NO;
				GCC_NO_COMMON_BLOCKS = YES;
				GCC_OPTIMIZATION_LEVEL = 0;
				GCC_PREPROCESSOR_DEFINITIONS = (
					"DEBUG=1",
					"$(inherited)",
				);
				GCC_WARN_64_TO_32_BIT_CONVERSION = YES;
				GCC_WARN_ABOUT_RETURN_TYPE = YES_ERROR;
				GCC_WARN_UNDECLARED_SELECTOR = YES;
				GCC_WARN_UNINITIALIZED_AUTOS = YES_AGGRESSIVE;
				GCC_WARN_UNUSED_FUNCTION = YES;
				GCC_WARN_UNUSED_VARIABLE = YES;
				IPHONEOS_DEPLOYMENT_TARGET = 9.3;
				MTL_ENABLE_DEBUG_INFO = YES;
				ONLY_ACTIVE_ARCH = YES;
				SDKROOT = iphoneos;
				SWIFT_OPTIMIZATION_LEVEL = "-Onone";
			};
			name = Debug;
		};
		7690507F1D44085000247718 /* Release */ = {
			isa = XCBuildConfiguration;
			buildSettings = {
				ALWAYS_SEARCH_USER_PATHS = NO;
				CLANG_ANALYZER_NONNULL = YES;
				CLANG_CXX_LANGUAGE_STANDARD = "gnu++0x";
				CLANG_CXX_LIBRARY = "libc++";
				CLANG_ENABLE_MODULES = YES;
				CLANG_ENABLE_OBJC_ARC = YES;
				CLANG_WARN_BOOL_CONVERSION = YES;
				CLANG_WARN_CONSTANT_CONVERSION = YES;
				CLANG_WARN_DIRECT_OBJC_ISA_USAGE = YES_ERROR;
				CLANG_WARN_EMPTY_BODY = YES;
				CLANG_WARN_ENUM_CONVERSION = YES;
				CLANG_WARN_INT_CONVERSION = YES;
				CLANG_WARN_OBJC_ROOT_CLASS = YES_ERROR;
				CLANG_WARN_UNREACHABLE_CODE = YES;
				CLANG_WARN__DUPLICATE_METHOD_MATCH = YES;
				"CODE_SIGN_IDENTITY[sdk=iphoneos*]" = "iPhone Developer";
				COPY_PHASE_STRIP = NO;
				DEBUG_INFORMATION_FORMAT = "dwarf-with-dsym";
				ENABLE_NS_ASSERTIONS = NO;
				ENABLE_STRICT_OBJC_MSGSEND = YES;
				GCC_C_LANGUAGE_STANDARD = gnu99;
				GCC_NO_COMMON_BLOCKS = YES;
				GCC_WARN_64_TO_32_BIT_CONVERSION = YES;
				GCC_WARN_ABOUT_RETURN_TYPE = YES_ERROR;
				GCC_WARN_UNDECLARED_SELECTOR = YES;
				GCC_WARN_UNINITIALIZED_AUTOS = YES_AGGRESSIVE;
				GCC_WARN_UNUSED_FUNCTION = YES;
				GCC_WARN_UNUSED_VARIABLE = YES;
				IPHONEOS_DEPLOYMENT_TARGET = 9.3;
				MTL_ENABLE_DEBUG_INFO = NO;
				SDKROOT = iphoneos;
				VALIDATE_PRODUCT = YES;
			};
			name = Release;
		};
		769050811D44085000247718 /* Debug */ = {
			isa = XCBuildConfiguration;
			buildSettings = {
				ASSETCATALOG_COMPILER_APPICON_NAME = AppIcon;
				INFOPLIST_FILE = "dual-fighter/Info.plist";
				LD_RUNPATH_SEARCH_PATHS = "$(inherited) @executable_path/Frameworks";
				PRODUCT_BUNDLE_IDENTIFIER = "com.slasherapp.dual-fighter";
				PRODUCT_NAME = "$(TARGET_NAME)";
			};
			name = Debug;
		};
		769050821D44085000247718 /* Release */ = {
			isa = XCBuildConfiguration;
			buildSettings = {
				ASSETCATALOG_COMPILER_APPICON_NAME = AppIcon;
				INFOPLIST_FILE = "dual-fighter/Info.plist";
				LD_RUNPATH_SEARCH_PATHS = "$(inherited) @executable_path/Frameworks";
				PRODUCT_BUNDLE_IDENTIFIER = "com.slasherapp.dual-fighter";
				PRODUCT_NAME = "$(TARGET_NAME)";
			};
			name = Release;
		};
/* End XCBuildConfiguration section */

/* Begin XCConfigurationList section */
		769050691D44085000247718 /* Build configuration list for PBXProject "dual-fighter" */ = {
			isa = XCConfigurationList;
			buildConfigurations = (
				7690507E1D44085000247718 /* Debug */,
				7690507F1D44085000247718 /* Release */,
			);
			defaultConfigurationIsVisible = 0;
			defaultConfigurationName = Release;
		};
		769050801D44085000247718 /* Build configuration list for PBXNativeTarget "dual-fighter" */ = {
			isa = XCConfigurationList;
			buildConfigurations = (
				769050811D44085000247718 /* Debug */,
				769050821D44085000247718 /* Release */,
			);
			defaultConfigurationIsVisible = 0;
		};
/* End XCConfigurationList section */
	};
	rootObject = 769050661D44085000247718 /* Project object */;
}
